# This file is autogenerated, do not edit; changes may be undone by the next 'dep ensure'.


[[projects]]
  digest = "1:8ec1618fc3ee146af104d6c13be250f25e5976e34557d4afbfe4b28035ce6c05"
  name = "github.com/Knetic/govaluate"
  packages = ["."]
  pruneopts = ""
  revision = "d216395917cc49052c7c7094cf57f09657ca08a8"
  version = "v3.0.0"

[[projects]]
  digest = "1:87021a8fd708a9c4dd48a441cc2dace8063f2c1f5d67699ba6f1f93b548e4a33"
  name = "github.com/cloudflare/cfssl"
  packages = [
    "api",
    "auth",
    "certdb",
    "config",
    "crypto/pkcs7",
    "csr",
    "errors",
    "helpers",
    "helpers/derhelpers",
    "info",
    "log",
    "ocsp/config",
    "signer",
  ]
  pruneopts = ""
  revision = "4e2dcbde500472449917533851bf4bae9bdff562"

[[projects]]
  digest = "1:0deddd908b6b4b768cfc272c16ee61e7088a60f7fe2f06c547bd3d8e1f8b8e77"
  name = "github.com/davecgh/go-spew"
  packages = ["spew"]
  pruneopts = ""
  revision = "8991bc29aa16c548c550c7ff78260e27b9ab7c73"
  version = "v1.1.1"

[[projects]]
  digest = "1:e47ef65c4d3a37884ab29fb4b5c31e826c8fba04caf81da45607d3fba022f7d7"
  name = "github.com/fsnotify/fsnotify"
  packages = ["."]
  pruneopts = ""
  revision = "45d7d09e39ef4ac08d493309fa031790c15bfe8a"
  version = "v1.4.9"

[[projects]]
  branch = "master"
  digest = "1:28f0be362667abc6fd8a38b7df154393fd532f747fabb2b4f8321ba79a14a979"
  name = "github.com/golang/mock"
  packages = ["gomock"]
  pruneopts = ""
  revision = "91dfb599b20d47c728a51d04fe57886f3d1ac980"

[[projects]]
  digest = "1:3dd078fda7500c341bc26cfbc6c6a34614f295a2457149fc1045cab767cbcf18"
  name = "github.com/golang/protobuf"
  packages = [
    "proto",
    "ptypes",
    "ptypes/any",
    "ptypes/duration",
    "ptypes/timestamp",
  ]
  pruneopts = ""
  revision = "aa810b61a9c79d51363740d207bb46cf8e620ed5"

[[projects]]
  digest = "1:41748286236cf7bda4f15c7989bcc28216b3ec081988d0c3e336b1df95e20c7c"
  name = "github.com/google/certificate-transparency-go"
  packages = [
    ".",
    "asn1",
    "tls",
    "x509",
    "x509/pkix",
  ]
  pruneopts = ""
  revision = "3629d6846518309d22c16fee15d1007262a459d2"
  version = "v1.0.21"

[[projects]]
  digest = "1:d14365c51dd1d34d5c79833ec91413bfbb166be978724f15701e17080dc06dec"
  name = "github.com/hashicorp/hcl"
  packages = [
    ".",
    "hcl/ast",
    "hcl/parser",
    "hcl/printer",
    "hcl/scanner",
    "hcl/strconv",
    "hcl/token",
    "json/parser",
    "json/scanner",
    "json/token",
  ]
  pruneopts = ""
  revision = "8cb6e5b959231cc1119e43259c4a608f9c51a241"
  version = "v1.0.0"

[[projects]]
  digest = "1:c982bd8d3dc3fe20f84e5656b0975e438b7d9d841ebb62dd45765800fe2ad72e"
  name = "github.com/hyperledger/fabric-chaincode-go"
  packages = ["."]
  pruneopts = ""
  revision = "04390e015b8579092f488172f9d333df7f0f6b28"

[[projects]]
  digest = "1:5056c83d912d837645dc968f1acf920cbe03115422cd6f84fe144a20186111bd"
  name = "github.com/hyperledger/fabric-protos-go"
  packages = ["."]
  pruneopts = ""
  revision = "621b908d50226f9e2d7ac504bbf051515ad78f08"

[[projects]]
  digest = "1:096fe019706572646c353ce7855aec19f961a06f8fdc8326dc0066cadd2ee4c4"
  name = "github.com/hyperledger/fabric-sdk-go"
  packages = [
    "internal/github.com/hyperledger/fabric-ca/api",
    "internal/github.com/hyperledger/fabric-ca/lib",
    "internal/github.com/hyperledger/fabric-ca/lib/client/credential",
    "internal/github.com/hyperledger/fabric-ca/lib/client/credential/x509",
    "internal/github.com/hyperledger/fabric-ca/lib/common",
    "internal/github.com/hyperledger/fabric-ca/lib/streamer",
    "internal/github.com/hyperledger/fabric-ca/lib/tls",
    "internal/github.com/hyperledger/fabric-ca/sdkpatch/cryptosuitebridge",
    "internal/github.com/hyperledger/fabric-ca/sdkpatch/logbridge",
    "internal/github.com/hyperledger/fabric-ca/util",
    "internal/github.com/hyperledger/fabric/bccsp",
    "internal/github.com/hyperledger/fabric/bccsp/factory/sw",
    "internal/github.com/hyperledger/fabric/bccsp/signer",
    "internal/github.com/hyperledger/fabric/bccsp/sw",
    "internal/github.com/hyperledger/fabric/bccsp/utils",
    "internal/github.com/hyperledger/fabric/common/attrmgr",
    "internal/github.com/hyperledger/fabric/common/channelconfig",
    "internal/github.com/hyperledger/fabric/common/crypto",
    "internal/github.com/hyperledger/fabric/common/ledger",
    "internal/github.com/hyperledger/fabric/common/util",
    "internal/github.com/hyperledger/fabric/core/ledger",
    "internal/github.com/hyperledger/fabric/discovery/client",
    "internal/github.com/hyperledger/fabric/msp",
    "internal/github.com/hyperledger/fabric/protos/discovery",
    "internal/github.com/hyperledger/fabric/protos/gossip",
    "internal/github.com/hyperledger/fabric/protos/orderer",
    "internal/github.com/hyperledger/fabric/sdkpatch/cryptosuitebridge",
    "internal/github.com/hyperledger/fabric/sdkpatch/logbridge",
    "pkg/client/channel",
    "pkg/client/channel/invoke",
    "pkg/client/common/discovery",
    "pkg/client/common/discovery/dynamicdiscovery",
    "pkg/client/common/discovery/greylist",
    "pkg/client/common/discovery/staticdiscovery",
    "pkg/client/common/filter",
    "pkg/client/common/selection/dynamicselection",
    "pkg/client/common/selection/dynamicselection/pgresolver",
    "pkg/client/common/selection/fabricselection",
    "pkg/client/common/selection/options",
    "pkg/client/common/verifier",
    "pkg/client/msp",
    "pkg/client/resmgmt",
    "pkg/common/errors/multi",
    "pkg/common/errors/retry",
    "pkg/common/errors/status",
    "pkg/common/logging",
    "pkg/common/options",
    "pkg/common/providers/context",
    "pkg/common/providers/core",
    "pkg/common/providers/fab",
    "pkg/common/providers/msp",
    "pkg/common/providers/test/mockfab",
    "pkg/context",
    "pkg/core/config",
    "pkg/core/config/comm",
    "pkg/core/config/comm/tls",
    "pkg/core/config/cryptoutil",
    "pkg/core/config/endpoint",
    "pkg/core/config/lookup",
    "pkg/core/cryptosuite",
    "pkg/core/cryptosuite/bccsp/sw",
    "pkg/core/cryptosuite/bccsp/wrapper",
    "pkg/core/logging/api",
    "pkg/core/logging/metadata",
    "pkg/core/logging/modlog",
    "pkg/core/mocks",
    "pkg/fab",
    "pkg/fab/ccpackager/gopackager",
    "pkg/fab/channel",
    "pkg/fab/channel/membership",
    "pkg/fab/chconfig",
    "pkg/fab/comm",
    "pkg/fab/discovery",
    "pkg/fab/events/api",
    "pkg/fab/events/client",
    "pkg/fab/events/client/dispatcher",
    "pkg/fab/events/client/lbp",
    "pkg/fab/events/deliverclient",
    "pkg/fab/events/deliverclient/connection",
    "pkg/fab/events/deliverclient/dispatcher",
    "pkg/fab/events/deliverclient/seek",
    "pkg/fab/events/endpoint",
    "pkg/fab/events/eventhubclient",
    "pkg/fab/events/eventhubclient/connection",
    "pkg/fab/events/eventhubclient/dispatcher",
    "pkg/fab/events/service",
    "pkg/fab/events/service/blockfilter",
    "pkg/fab/events/service/dispatcher",
    "pkg/fab/keyvaluestore",
    "pkg/fab/mocks",
    "pkg/fab/orderer",
    "pkg/fab/peer",
    "pkg/fab/resource",
    "pkg/fab/signingmgr",
    "pkg/fab/txn",
    "pkg/fabsdk",
    "pkg/fabsdk/api",
    "pkg/fabsdk/factory/defcore",
    "pkg/fabsdk/factory/defmsp",
    "pkg/fabsdk/factory/defsvc",
    "pkg/fabsdk/provider/chpvdr",
    "pkg/fabsdk/provider/fabpvdr",
    "pkg/fabsdk/provider/msppvdr",
    "pkg/msp",
    "pkg/msp/api",
    "pkg/msp/test/mockmsp",
    "pkg/util/concurrent/futurevalue",
    "pkg/util/concurrent/lazycache",
    "pkg/util/concurrent/lazyref",
    "pkg/util/pathvar",
    "pkg/util/test",
    "test/metadata",
    "third_party/github.com/hyperledger/fabric/common/cauthdsl",
    "third_party/github.com/hyperledger/fabric/core/common/ccprovider",
    "third_party/github.com/hyperledger/fabric/core/ledger/kvledger/txmgmt/rwsetutil",
    "third_party/github.com/hyperledger/fabric/core/ledger/util",
    "third_party/github.com/hyperledger/fabric/protos/common",
    "third_party/github.com/hyperledger/fabric/protos/ledger/rwset",
    "third_party/github.com/hyperledger/fabric/protos/ledger/rwset/kvrwset",
    "third_party/github.com/hyperledger/fabric/protos/msp",
    "third_party/github.com/hyperledger/fabric/protos/orderer",
    "third_party/github.com/hyperledger/fabric/protos/peer",
    "third_party/github.com/hyperledger/fabric/protos/utils",
  ]
  pruneopts = ""
  revision = "a906355f73d060d7bf95874a9e90dc17589edbb3"

[[projects]]
  digest = "1:aed82d831864f4fc57b5124d7b867707bd5b2dd155c6397aa9e02c9f9796623c"
  name = "github.com/magiconair/properties"
  packages = ["."]
  pruneopts = ""
  revision = "291b8266af1000c77a12ae6d4dde1145a028012f"
  version = "v1.8.5"

[[projects]]
  branch = "master"
  digest = "1:6beb9fb12a46a1a1ea74ef67d6394fe013ea370b1693b8991fbf912a5691a35e"
  name = "github.com/mitchellh/mapstructure"
  packages = ["."]
  pruneopts = ""
  revision = "4664f9ee512b4dfa71b501c4960d469c205b2cf1"

[[projects]]
  digest = "1:894aef961c056b6d85d12bac890bf60c44e99b46292888bfa66caf529f804457"
  name = "github.com/pelletier/go-toml"
  packages = ["."]
  pruneopts = ""
  revision = "c01d1270ff3e442a8a57cddc1c92dc1138598194"

[[projects]]
  digest = "1:1d7e1867c49a6dd9856598ef7c3123604ea3daabf5b83f303ff457bcbc410b1d"
  name = "github.com/pkg/errors"
  packages = ["."]
  pruneopts = ""
  revision = "ba968bfe8b2f7e042a574c888954fccecfa385b4"
  version = "v0.8.1"

[[projects]]
  digest = "1:256484dbbcd271f9ecebc6795b2df8cad4c458dd0f5fd82a8c2fa0c29f233411"
  name = "github.com/pmezard/go-difflib"
  packages = ["difflib"]
  pruneopts = ""
  revision = "792786c7400a136282c1664665ae0a8db921c6c2"
  version = "v1.0.0"

[[projects]]
  digest = "1:d0431c2fd72e39ee43ea7742322abbc200c3e704c9102c5c3c2e2e667095b0ca"
  name = "github.com/spf13/afero"
  packages = [
    ".",
    "mem",
  ]
  pruneopts = ""
  revision = "d40851caa0d747393da1ffb28f7f9d8b4eeffebd"

[[projects]]
  digest = "1:0a3d8f7dc17afdc30a5a5becb45fb91ff28aaa64645c69836ccd600d88e9ed9e"
  name = "github.com/spf13/cast"
  packages = ["."]
  pruneopts = ""
  revision = "1ffadf551085444af981432dd0f6d1160c11ec64"
  version = "v1.3.1"

[[projects]]
  digest = "1:cc15ae4fbdb02ce31f3392361a70ac041f4f02e0485de8ffac92bd8033e3d26e"
  name = "github.com/spf13/jwalterweatherman"
  packages = ["."]
  pruneopts = ""
  revision = "94f6ae3ed3bceceafa716478c5fbf8d29ca601a1"
  version = "v1.1.0"

[[projects]]
  digest = "1:688428eeb1ca80d92599eb3254bdf91b51d7e232fead3a73844c1f201a281e51"
  name = "github.com/spf13/pflag"
  packages = ["."]
  pruneopts = ""
  revision = "2e9d26c8c37aae03e3f9d4e90b7116f5accb7cab"
  version = "v1.0.5"

[[projects]]
  branch = "master"
  digest = "1:f06da4b0b087fe491d118f164ff81a4122475e7f17cea21e1fd8668a1336d0dd"
  name = "github.com/spf13/viper"
  packages = [
    ".",
    "internal/encoding",
    "internal/encoding/hcl",
    "internal/encoding/json",
    "internal/encoding/toml",
    "internal/encoding/yaml",
  ]
  pruneopts = ""
  revision = "ab4b05adc65543c13f4b71cf3dc7e2967524f3d1"

[[projects]]
  digest = "1:81a176cfb198bb3479a124befc52339e53bcd30d33379e81ba90a2245fc26675"
  name = "github.com/stretchr/testify"
  packages = ["assert"]
  pruneopts = ""
  revision = "acba37e5db06f0093b465a7d47822bf13644b66c"
  version = "v1.7.0"

[[projects]]
  digest = "1:e818a738c880c5571b3817e9173add5c598a90f8615fa7a9bafc23fea774a603"
  name = "github.com/subosito/gotenv"
  packages = ["."]
  pruneopts = ""
  revision = "2ef7124db659d49edac6aa459693a15ae36c671a"
  version = "v1.2.0"

[[projects]]
  digest = "1:af51232d5990d72e4be609640e2885c16db404ec419283caa6d97a311cb4e29d"
  name = "golang.org/x/crypto"
  packages = [
    "cryptobyte",
    "cryptobyte/asn1",
    "ocsp",
    "pkcs12",
    "pkcs12/internal/rc2",
    "sha3",
  ]
  pruneopts = ""
  revision = "e7c4368fe9ddd156b5f1463283cb51c5b400c373"

[[projects]]
  digest = "1:b685b398fb09e20bc0ddb0233d1d93c51d4c7d10b3165b90576fce9842e60dab"
  name = "golang.org/x/net"
  packages = [
    "context",
    "http/httpguts",
    "http2",
    "http2/hpack",
    "idna",
    "internal/timeseries",
    "trace",
  ]
  pruneopts = ""
  revision = "a91f0712d120a21e49061d61eb6ba9b88cb0d376"

[[projects]]
  digest = "1:3d1785223d1b588249f131ddb1a88b1f80ee3eaa20934aba6562a44e633bbe7d"
  name = "golang.org/x/sys"
  packages = [
    "cpu",
    "unix",
  ]
  pruneopts = ""
  revision = "44b849a8bc13eb42e95e6c6c5e360481b73ec710"

[[projects]]
  digest = "1:fbf4ce886fca533792ff7aa7be5df3f473dd2e6d0fdebcf0b78df8fd6f666d50"
  name = "golang.org/x/text"
  packages = [
    "collate",
    "collate/build",
    "internal/colltab",
    "internal/gen",
    "internal/language",
    "internal/language/compact",
    "internal/tag",
    "internal/triegen",
    "internal/ucd",
    "language",
    "secure/bidirule",
    "transform",
    "unicode/bidi",
    "unicode/cldr",
    "unicode/norm",
    "unicode/rangetable",
  ]
  pruneopts = ""
  revision = "e328d63cff14134669501e0e154e4f141c784322"
  version = "v0.3.6"

[[projects]]
  digest = "1:849525811c9f6ae1f5bd9b866adb4c9436f4a12d767f48e33bf343596d4aafd7"
  name = "google.golang.org/genproto"
  packages = ["googleapis/rpc/status"]
  pruneopts = ""
  revision = "94acd270e44e65579b9ee3cdab25034d33fed608"

[[projects]]
  digest = "1:1293087271e314cfa2b3decededba2ecba0ff327e7b7809e00f73f616449191c"
  name = "google.golang.org/grpc"
  packages = [
    ".",
    "balancer",
    "balancer/base",
    "balancer/roundrobin",
    "codes",
    "connectivity",
    "credentials",
    "encoding",
    "encoding/proto",
    "grpclog",
    "internal",
    "internal/backoff",
    "internal/channelz",
    "internal/envconfig",
    "internal/grpcrand",
    "internal/transport",
    "keepalive",
    "metadata",
    "naming",
    "peer",
    "resolver",
    "resolver/dns",
    "resolver/passthrough",
    "stats",
    "status",
    "tap",
  ]
  pruneopts = ""
  revision = "2e463a05d100327ca47ac218281906921038fd95"

[[projects]]
  digest = "1:c10363c8377ccc6b0d417ba20c037e4bd2fbb5a6e4879873606595804cc22ec6"
  name = "gopkg.in/ini.v1"
  packages = ["."]
  pruneopts = ""
  revision = "5e97220809ffaa826f787728501264e9114cb834"
  version = "v1.62.0"

[[projects]]
  digest = "1:ee05f739e27c55032bf797e28915dd209b07f5b46d098cdf115cacfd3b179fe4"
  name = "gopkg.in/yaml.v2"
  packages = ["."]
  pruneopts = ""
  revision = "7649d4548cb53a614db133b2a8ac1f31859dda8c"
  version = "v2.4.0"

[[projects]]
  branch = "v3"
  digest = "1:3f081584f03a869274b31afe33c22ce278c53767cb58963916746109e1d50535"
  name = "gopkg.in/yaml.v3"
  packages = ["."]
  pruneopts = ""
  revision = "496545a6307b2a7d7a710fd516e5e16e8ab62dbc"

[solve-meta]
  analyzer-name = "dep"
  analyzer-version = 1
  input-imports = [
    "github.com/hyperledger/fabric-chaincode-go",
    "github.com/hyperledger/fabric-protos-go",
    "github.com/hyperledger/fabric-sdk-go/pkg/client/channel",
    "github.com/hyperledger/fabric-sdk-go/pkg/client/msp",
    "github.com/hyperledger/fabric-sdk-go/pkg/client/resmgmt",
    "github.com/hyperledger/fabric-sdk-go/pkg/common/errors/retry",
    "github.com/hyperledger/fabric-sdk-go/pkg/common/providers/fab",
    "github.com/hyperledger/fabric-sdk-go/pkg/common/providers/msp",
    "github.com/hyperledger/fabric-sdk-go/pkg/core/config",
    "github.com/hyperledger/fabric-sdk-go/pkg/fab/ccpackager/gopackager",
    "github.com/hyperledger/fabric-sdk-go/pkg/fabsdk",
    "github.com/hyperledger/fabric-sdk-go/third_party/github.com/hyperledger/fabric/common/cauthdsl",
  ]
  solver-name = "gps-cdcl"
  solver-version = 1
