# This file is autogenerated, do not edit; changes may be undone by the next 'dep ensure'.


[[projects]]
  digest = "1:019270a39e03c8ff951f6e536014c87b418bb0ad90b358929dd7d556546ea093"
  name = "github.com/golang/protobuf"
  packages = [
    "proto",
    "ptypes",
    "ptypes/any",
    "ptypes/duration",
    "ptypes/empty",
    "ptypes/timestamp",
  ]
  pruneopts = ""
  revision = "ae97035608a719c7a1c1c41bed0ae0744bdb0c6f"
  version = "v1.5.2"

[[projects]]
  branch = "main"
  digest = "1:5b7ba7dfa3d6979f0019cbfd15dcd4d12564604f540f37b95e2c8fb0a6f3a0bc"
  name = "github.com/hyperledger/fabric-chaincode-go"
  packages = [
    ".",
    "shim",
    "shim/internal",
  ]
  pruneopts = ""
  revision = "38d29fabecb9916a8a1ecbd0facb72f2ac32d016"

[[projects]]
  branch = "main"
  digest = "1:42e84e670d97ed29b2e52b1eda2289f9ce29ae977abbcde2348825df07c9ebb6"
  name = "github.com/hyperledger/fabric-protos-go"
  packages = [
    ".",
    "common",
    "ledger/queryresult",
    "ledger/rwset",
    "msp",
    "peer",
  ]
  pruneopts = ""
  revision = "f0dc3e2a0871d1703bfd07309791652cb5e62fbd"

[[projects]]
  branch = "master"
  digest = "1:9c8fa247d60d263967811fcb2f784c234034ebc356b19efc1bbef20ed47df4c8"
  name = "golang.org/x/net"
  packages = [
    "http/httpguts",
    "http2",
    "http2/hpack",
    "idna",
    "internal/timeseries",
    "trace",
  ]
  pruneopts = ""
  revision = "c6fcb2dbf98596caad8f56c0c398c1c6ff1fcff9"

[[projects]]
  branch = "master"
  digest = "1:2d32e21172e5109456d0b8b991f3d9de5c097f516f6071e56c02756eb2a2c111"
  name = "golang.org/x/sys"
  packages = [
    "internal/unsafeheader",
    "unix",
  ]
  pruneopts = ""
  revision = "0f9fa26af87c481a6877a4ca1330699ba9a30673"

[[projects]]
  digest = "1:fbf4ce886fca533792ff7aa7be5df3f473dd2e6d0fdebcf0b78df8fd6f666d50"
  name = "golang.org/x/text"
  packages = [
    "collate",
    "collate/build",
    "internal/colltab",
    "internal/gen",
    "internal/language",
    "internal/language/compact",
    "internal/tag",
    "internal/triegen",
    "internal/ucd",
    "language",
    "secure/bidirule",
    "transform",
    "unicode/bidi",
    "unicode/cldr",
    "unicode/norm",
    "unicode/rangetable",
  ]
  pruneopts = ""
  revision = "e328d63cff14134669501e0e154e4f141c784322"
  version = "v0.3.6"

[[projects]]
  branch = "master"
  digest = "1:59c3de72bfc7ea2c9cf20e7b63ea488260e18b535523307cb1d0f78de55ea0e4"
  name = "google.golang.org/genproto"
  packages = ["googleapis/rpc/status"]
  pruneopts = ""
  revision = "e7812ac95cc0c7174fe2fc2914ed037d4bd20613"

[[projects]]
  digest = "1:bd146271ddeb234f91fe47ea6a9a34ccbe1bc793feef631e37ef48bb692006df"
  name = "google.golang.org/grpc"
  packages = [
    ".",
    "attributes",
    "backoff",
    "balancer",
    "balancer/base",
    "balancer/grpclb/state",
    "balancer/roundrobin",
    "binarylog/grpc_binarylog_v1",
    "codes",
    "connectivity",
    "credentials",
    "encoding",
    "encoding/proto",
    "grpclog",
    "internal",
    "internal/backoff",
    "internal/balancerload",
    "internal/binarylog",
    "internal/buffer",
    "internal/channelz",
    "internal/credentials",
    "internal/envconfig",
    "internal/grpclog",
    "internal/grpcrand",
    "internal/grpcsync",
    "internal/grpcutil",
    "internal/metadata",
    "internal/resolver",
    "internal/resolver/dns",
    "internal/resolver/passthrough",
    "internal/resolver/unix",
    "internal/serviceconfig",
    "internal/status",
    "internal/syscall",
    "internal/transport",
    "internal/transport/networktype",
    "keepalive",
    "metadata",
    "peer",
    "resolver",
    "serviceconfig",
    "stats",
    "status",
    "tap",
  ]
  pruneopts = ""
  revision = "ebf6a4b476dc7c1bcb57c82e9c74529a7f046710"
  version = "v1.39.0"

[[projects]]
  digest = "1:5cffc24e9f017f7d809242128aeffcad1c6bd5532f6a1909ebff6f7db0d2a778"
  name = "google.golang.org/protobuf"
  packages = [
    "encoding/prototext",
    "encoding/protowire",
    "internal/descfmt",
    "internal/descopts",
    "internal/detrand",
    "internal/encoding/defval",
    "internal/encoding/messageset",
    "internal/encoding/tag",
    "internal/encoding/text",
    "internal/errors",
    "internal/filedesc",
    "internal/filetype",
    "internal/flags",
    "internal/genid",
    "internal/impl",
    "internal/order",
    "internal/pragma",
    "internal/set",
    "internal/strs",
    "internal/version",
    "proto",
    "reflect/protodesc",
    "reflect/protoreflect",
    "reflect/protoregistry",
    "runtime/protoiface",
    "runtime/protoimpl",
    "types/descriptorpb",
    "types/known/anypb",
    "types/known/durationpb",
    "types/known/emptypb",
    "types/known/timestamppb",
  ]
  pruneopts = ""
  revision = "b92717ecb630d4a4824b372bf98c729d87311a4d"
  version = "v1.27.1"

[solve-meta]
  analyzer-name = "dep"
  analyzer-version = 1
  input-imports = [
    "github.com/hyperledger/fabric-chaincode-go",
    "github.com/hyperledger/fabric-chaincode-go/shim",
    "github.com/hyperledger/fabric-protos-go",
    "github.com/hyperledger/fabric-protos-go/peer",
  ]
  solver-name = "gps-cdcl"
  solver-version = 1
